
Microsoft Visual Studio Solution File, Format Version 12.00
# Visual Studio 15
VisualStudioVersion = 15.0.28010.2046
MinimumVisualStudioVersion = 10.0.40219.1
Project("{FAE04EC0-301F-11D3-BF4B-00C04F79EFBC}") = "FunChat", "FunChat\FunChat.csproj", "{1528F62C-08C6-4D95-A445-AC0EB559CCBD}"
EndProject
Global
	GlobalSection(SolutionConfigurationPlatforms) = preSolution
		Debug|Any CPU = Debug|Any CPU
		Release|Any CPU = Release|Any CPU
	EndGlobalSection
	GlobalSection(ProjectConfigurationPlatforms) = postSolution
		{1528F62C-08C6-4D95-A445-AC0EB559CCBD}.Debug|Any CPU.ActiveCfg = Debug|Any CPU
		{1528F62C-08C6-4D95-A445-AC0EB559CCBD}.Debug|Any CPU.Build.0 = Debug|Any CPU
		{1528F62C-08C6-4D95-A445-AC0EB559CCBD}.Release|Any CPU.ActiveCfg = Release|Any CPU
		{1528F62C-08C6-4D95-A445-AC0EB559CCBD}.Release|Any CPU.Build.0 = Release|Any CPU
	EndGlobalSection
	GlobalSection(SolutionProperties) = preSolution
		HideSolutionNode = FALSE
	EndGlobalSection
	GlobalSection(ExtensibilityGlobals) = postSolution
		SolutionGuid = {76CEB7D8-95F0-4255-89F4-DE35F6BFD4E8}
	EndGlobalSection
EndGlobal
